{
  "name": "html",
  "lockfileVersion": 3,
  "requires": true,
  "packages": {
    "": {
      "dependencies": {
        "@digdir/designsystemet-css": "^1.11.0",
        "@digdir/designsystemet-web": "^0.0.1"
      }
    },
    "node_modules/@digdir/designsystemet-css": {
      "version": "1.11.0",
      "resolved": "https://registry.npmjs.org/@digdir/designsystemet-css/-/designsystemet-css-1.11.0.tgz",
      "integrity": "sha512-fbLs5nrDyCdoIZAJMErj9+P4dmA+u2q3n+y2fWHRYK2U1Bs8hWKF47M3EhtqVCbmJIUhhI0SvRp8vb72Fa+WLQ==",
      "dependencies": {
        "@digdir/designsystemet-types": "^1.11.0"
      }
    },
    "node_modules/@digdir/designsystemet-types": {
      "version": "1.11.0",
      "resolved": "https://registry.npmjs.org/@digdir/designsystemet-types/-/designsystemet-types-1.11.0.tgz",
      "integrity": "sha512-9kgM+cADYmroibCSH5VWqkXw6gEYXN+vV1glmRWhHvMq6veiD4BpBgsVAs2tDi972+SIvyo8VMPriva+XEobug=="
    },
    "node_modules/@digdir/designsystemet-web": {
      "version": "0.0.1",
      "resolved": "https://registry.npmjs.org/@digdir/designsystemet-web/-/designsystemet-web-0.0.1.tgz",
      "integrity": "sha512-z420c6TpQUVhkQRZMVZlXT7CeWEg88F//FgNCifnEm7OdwQGJnQYcrgOnVVqobZZ/O7R+QakubFBPXATjVT5JA==",
      "dependencies": {
        "@floating-ui/dom": "^1.7.4",
        "@u-elements/u-combobox": "^1.0.5",
        "@u-elements/u-datalist": "^1.0.14",
        "@u-elements/u-progress": "^0.0.6",
        "@u-elements/u-tabs": "^0.1.2",
        "invokers-polyfill": "^0.6.1"
      }
    },
    "node_modules/@floating-ui/core": {
      "version": "1.7.4",
      "resolved": "https://registry.npmjs.org/@floating-ui/core/-/core-1.7.4.tgz",
      "integrity": "sha512-C3HlIdsBxszvm5McXlB8PeOEWfBhcGBTZGkGlWc2U0KFY5IwG5OQEuQ8rq52DZmcHDlPLd+YFBK+cZcytwIFWg==",
      "dependencies": {
        "@floating-ui/utils": "^0.2.10"
      }
    },
    "node_modules/@floating-ui/dom": {
      "version": "1.7.5",
      "resolved": "https://registry.npmjs.org/@floating-ui/dom/-/dom-1.7.5.tgz",
      "integrity": "sha512-N0bD2kIPInNHUHehXhMke1rBGs1dwqvC9O9KYMyyjK7iXt7GAhnro7UlcuYcGdS/yYOlq0MAVgrow8IbWJwyqg==",
      "dependencies": {
        "@floating-ui/core": "^1.7.4",
        "@floating-ui/utils": "^0.2.10"
      }
    },
    "node_modules/@floating-ui/utils": {
      "version": "0.2.10",
      "resolved": "https://registry.npmjs.org/@floating-ui/utils/-/utils-0.2.10.tgz",
      "integrity": "sha512-aGTxbpbg8/b5JfU1HXSrbH3wXZuLPJcNEcZQFMxLs3oSzgtVu6nFPkbbGGUvBcUjKV2YyB9Wxxabo+HEH9tcRQ=="
    },
    "node_modules/@u-elements/u-combobox": {
      "version": "1.0.7",
      "resolved": "https://registry.npmjs.org/@u-elements/u-combobox/-/u-combobox-1.0.7.tgz",
      "integrity": "sha512-rueG+Wof9ycmbjIW2omS4bLite5BkH87SWfkBrvSjrR1GWn4wgpjnUQ1lORDRalYcPYlgFWy2uGFEqqKPx3Yqw=="
    },
    "node_modules/@u-elements/u-datalist": {
      "version": "1.1.0",
      "resolved": "https://registry.npmjs.org/@u-elements/u-datalist/-/u-datalist-1.1.0.tgz",
      "integrity": "sha512-t8H3OddziXmq0YBuXodVWnvRi56WW4sfbJEIO1fx4i39sZ0s/0xjHBsoAsTZkb9mXJEtpgrsH8IkDYP0ZSgSXQ=="
    },
    "node_modules/@u-elements/u-progress": {
      "version": "0.0.6",
      "resolved": "https://registry.npmjs.org/@u-elements/u-progress/-/u-progress-0.0.6.tgz",
      "integrity": "sha512-WJUxmHPgkgi/hKaOsjSJc5XGbfSg1/fgTs9SynmLRFn+1Dxaq7JPu98JqKPQLMDCVLaSY+Iz4EKJawgmNolbvA=="
    },
    "node_modules/@u-elements/u-tabs": {
      "version": "0.1.2",
      "resolved": "https://registry.npmjs.org/@u-elements/u-tabs/-/u-tabs-0.1.2.tgz",
      "integrity": "sha512-KVYJFDPZdo+LXrW+mCMPEUen4wXi8VfSMDKWLt2+q6VgYqWBcAIZcaWBRWxIjXFzGfXQSJqD0amnYGaL1RGZ/w=="
    },
    "node_modules/invokers-polyfill": {
      "version": "0.6.1",
      "resolved": "https://registry.npmjs.org/invokers-polyfill/-/invokers-polyfill-0.6.1.tgz",
      "integrity": "sha512-SOl+PfmPcjaXGYvUs3GkbwXN5rAADzl3i33GJ1jOsGhwtlwfMonQvVu5/4aI7X9+J4g+KX2kfiO8jUIvISBubg=="
    }
  }
}
